
Microsoft Visual Studio Solution File, Format Version 12.00
# Visual Studio Version 17
VisualStudioVersion = 17.0.31912.275
MinimumVisualStudioVersion = 10.0.40219.1
Project("{FAE04EC0-301F-11D3-BF4B-00C04F79EFBC}") = "MakeRnd_Ex4_5", "MakeRnd_Ex4_5.csproj", "{2E486E51-1E75-4B0B-8FD4-76176F9FAEB0}"
EndProject
Global
	GlobalSection(SolutionConfigurationPlatforms) = preSolution
		Debug|Any CPU = Debug|Any CPU
		Release|Any CPU = Release|Any CPU
	EndGlobalSection
	GlobalSection(ProjectConfigurationPlatforms) = postSolution
		{2E486E51-1E75-4B0B-8FD4-76176F9FAEB0}.Debug|Any CPU.ActiveCfg = Debug|Any CPU
		{2E486E51-1E75-4B0B-8FD4-76176F9FAEB0}.Debug|Any CPU.Build.0 = Debug|Any CPU
		{2E486E51-1E75-4B0B-8FD4-76176F9FAEB0}.Release|Any CPU.ActiveCfg = Release|Any CPU
		{2E486E51-1E75-4B0B-8FD4-76176F9FAEB0}.Release|Any CPU.Build.0 = Release|Any CPU
	EndGlobalSection
	GlobalSection(SolutionProperties) = preSolution
		HideSolutionNode = FALSE
	EndGlobalSection
	GlobalSection(ExtensibilityGlobals) = postSolution
		SolutionGuid = {EF962415-5567-49FA-B3E4-BABB316C9748}
	EndGlobalSection
EndGlobal
